// !$*UTF8*$!
{
	archiveVersion = 1;
	classes = {
	};
	objectVersion = 46;
	objects = {

/* Begin PBXBuildFile section */
		290873CE1DD718E60099A70F /* CalculatorBrain.swift in Sources */ = {isa = PBXBuildFile; fileRef = 290873CD1DD718E60099A70F /* CalculatorBrain.swift */; };
		2957A68D1DA79461008F671E /* AppDelegate.swift in Sources */ = {isa = PBXBuildFile; fileRef = 2957A68C1DA79461008F671E /* AppDelegate.swift */; };
		2957A68F1DA79461008F671E /* ViewController.swift in Sources */ = {isa = PBXBuildFile; fileRef = 2957A68E1DA79461008F671E /* ViewController.swift */; };
		2957A6921DA79461008F671E /* Main.storyboard in Resources */ = {isa = PBXBuildFile; fileRef = 2957A6901DA79461008F671E /* Main.storyboard */; };
		2957A6941DA79461008F671E /* Assets.xcassets in Resources */ = {isa = PBXBuildFile; fileRef = 2957A6931DA79461008F671E /* Assets.xcassets */; };
		2957A6971DA79461008F671E /* LaunchScreen.storyboard in Resources */ = {isa = PBXBuildFile; fileRef = 2957A6951DA79461008F671E /* LaunchScreen.storyboard */; };
		2957A69F1DA79483008F671E /* Calculator.swift in Sources */ = {isa = PBXBuildFile; fileRef = 2957A69E1DA79483008F671E /* Calculator.swift */; };
/* End PBXBuildFile section */

/* Begin PBXFileReference section */
		290873CD1DD718E60099A70F /* CalculatorBrain.swift */ = {isa = PBXFileReference; fileEncoding = 4; lastKnownFileType = sourcecode.swift; path = CalculatorBrain.swift; sourceTree = "<group>"; };
		2957A6891DA79461008F671E /* swiftlab2.app */ = {isa = PBXFileReference; explicitFileType = wrapper.application; includeInIndex = 0; path = swiftlab2.app; sourceTree = BUILT_PRODUCTS_DIR; };
		2957A68C1DA79461008F671E /* AppDelegate.swift */ = {isa = PBXFileReference; lastKnownFileType = sourcecode.swift; path = AppDelegate.swift; sourceTree = "<group>"; };
		2957A68E1DA79461008F671E /* ViewController.swift */ = {isa = PBXFileReference; lastKnownFileType = sourcecode.swift; path = ViewController.swift; sourceTree = "<group>"; };
		2957A6911DA79461008F671E /* Base */ = {isa = PBXFileReference; lastKnownFileType = file.storyboard; name = Base; path = Base.lproj/Main.storyboard; sourceTree = "<group>"; };
		2957A6931DA79461008F671E /* Assets.xcassets */ = {isa = PBXFileReference; lastKnownFileType = folder.assetcatalog; path = Assets.xcassets; sourceTree = "<group>"; };
		2957A6961DA79461008F671E /* Base */ = {isa = PBXFileReference; lastKnownFileType = file.storyboard; name = Base; path = Base.lproj/LaunchScreen.storyboard; sourceTree = "<group>"; };
		2957A6981DA79461008F671E /* Info.plist */ = {isa = PBXFileReference; lastKnownFileType = text.plist.xml; path = Info.plist; sourceTree = "<group>"; };
		2957A69E1DA79483008F671E /* Calculator.swift */ = {isa = PBXFileReference; fileEncoding = 4; lastKnownFileType = sourcecode.swift; path = Calculator.swift; sourceTree = "<group>"; };
/* End PBXFileReference section */

/* Begin PBXFrameworksBuildPhase section */
		2957A6861DA79461008F671E /* Frameworks */ = {
			isa = PBXFrameworksBuildPhase;
			buildActionMask = 2147483647;
			files = (
			);
			runOnlyForDeploymentPostprocessing = 0;
		};
/* End PBXFrameworksBuildPhase section */

/* Begin PBXGroup section */
		2957A6801DA79461008F671E = {
			isa = PBXGroup;
			children = (
				2957A68B1DA79461008F671E /* swiftlab2 */,
				2957A68A1DA79461008F671E /* Products */,
			);
			sourceTree = "<group>";
		};
		2957A68A1DA79461008F671E /* Products */ = {
			isa = PBXGroup;
			children = (
				2957A6891DA79461008F671E /* swiftlab2.app */,
			);
			name = Products;
			sourceTree = "<group>";
		};
		2957A68B1DA79461008F671E /* swiftlab2 */ = {
			isa = PBXGroup;
			children = (
				290873CD1DD718E60099A70F /* CalculatorBrain.swift */,
				2957A68C1DA79461008F671E /* AppDelegate.swift */,
				2957A68E1DA79461008F671E /* ViewController.swift */,
				2957A6901DA79461008F671E /* Main.storyboard */,
				2957A6931DA79461008F671E /* Assets.xcassets */,
				2957A6951DA79461008F671E /* LaunchScreen.storyboard */,
				2957A6981DA79461008F671E /* Info.plist */,
				2957A69E1DA79483008F671E /* Calculator.swift */,
			);
			path = swiftlab2;
			sourceTree = "<group>";
		};
/* End PBXGroup section */

/* Begin PBXNativeTarget section */
		2957A6881DA79461008F671E /* swiftlab2 */ = {
			isa = PBXNativeTarget;
			buildConfigurationList = 2957A69B1DA79461008F671E /* Build configuration list for PBXNativeTarget "swiftlab2" */;
			buildPhases = (
				2957A6851DA79461008F671E /* Sources */,
				2957A6861DA79461008F671E /* Frameworks */,
				2957A6871DA79461008F671E /* Resources */,
			);
			buildRules = (
			);
			dependencies = (
			);
			name = swiftlab2;
			productName = swiftlab2;
			productReference = 2957A6891DA79461008F671E /* swiftlab2.app */;
			productType = "com.apple.product-type.application";
		};
/* End PBXNativeTarget section */

/* Begin PBXProject section */
		2957A6811DA79461008F671E /* Project object */ = {
			isa = PBXProject;
			attributes = {
				LastSwiftUpdateCheck = 0800;
				LastUpgradeCheck = 0800;
				ORGANIZATIONNAME = "Chris Navy";
				TargetAttributes = {
					2957A6881DA79461008F671E = {
						CreatedOnToolsVersion = 8.0;
						ProvisioningStyle = Automatic;
					};
				};
			};
			buildConfigurationList = 2957A6841DA79461008F671E /* Build configuration list for PBXProject "swiftlab2" */;
			compatibilityVersion = "Xcode 3.2";
			developmentRegion = English;
			hasScannedForEncodings = 0;
			knownRegions = (
				en,
				Base,
			);
			mainGroup = 2957A6801DA79461008F671E;
			productRefGroup = 2957A68A1DA79461008F671E /* Products */;
			projectDirPath = "";
			projectRoot = "";
			targets = (
				2957A6881DA79461008F671E /* swiftlab2 */,
			);
		};
/* End PBXProject section */

/* Begin PBXResourcesBuildPhase section */
		2957A6871DA79461008F671E /* Resources */ = {
			isa = PBXResourcesBuildPhase;
			buildActionMask = 2147483647;
			files = (
				2957A6971DA79461008F671E /* LaunchScreen.storyboard in Resources */,
				2957A6941DA79461008F671E /* Assets.xcassets in Resources */,
				2957A6921DA79461008F671E /* Main.storyboard in Resources */,
			);
			runOnlyForDeploymentPostprocessing = 0;
		};
/* End PBXResourcesBuildPhase section */

/* Begin PBXSourcesBuildPhase section */
		2957A6851DA79461008F671E /* Sources */ = {
			isa = PBXSourcesBuildPhase;
			buildActionMask = 2147483647;
			files = (
				2957A68F1DA79461008F671E /* ViewController.swift in Sources */,
				2957A68D1DA79461008F671E /* AppDelegate.swift in Sources */,
				290873CE1DD718E60099A70F /* CalculatorBrain.swift in Sources */,
				2957A69F1DA79483008F671E /* Calculator.swift in Sources */,
			);
			runOnlyForDeploymentPostprocessing = 0;
		};
/* End PBXSourcesBuildPhase section */

/* Begin PBXVariantGroup section */
		2957A6901DA79461008F671E /* Main.storyboard */ = {
			isa = PBXVariantGroup;
			children = (
				2957A6911DA79461008F671E /* Base */,
			);
			name = Main.storyboard;
			sourceTree = "<group>";
		};
		2957A6951DA79461008F671E /* LaunchScreen.storyboard */ = {
			isa = PBXVariantGroup;
			children = (
				2957A6961DA79461008F671E /* Base */,
			);
			name = LaunchScreen.storyboard;
			sourceTree = "<group>";
		};
/* End PBXVariantGroup section */

/* Begin XCBuildConfiguration section */
		2957A6991DA79461008F671E /* Debug */ = {
			isa = XCBuildConfiguration;
			buildSettings = {
				ALWAYS_SEARCH_USER_PATHS = NO;
				CLANG_ANALYZER_NONNULL = YES;
				CLANG_CXX_LANGUAGE_STANDARD = "gnu++0x";
				CLANG_CXX_LIBRARY = "libc++";
				CLANG_ENABLE_MODULES = YES;
				CLANG_ENABLE_OBJC_ARC = YES;
				CLANG_WARN_BOOL_CONVERSION = YES;
				CLANG_WARN_CONSTANT_CONVERSION = YES;
				CLANG_WARN_DIRECT_OBJC_ISA_USAGE = YES_ERROR;
				CLANG_WARN_DOCUMENTATION_COMMENTS = YES;
				CLANG_WARN_EMPTY_BODY = YES;
				CLANG_WARN_ENUM_CONVERSION = YES;
				CLANG_WARN_INFINITE_RECURSION = YES;
				CLANG_WARN_INT_CONVERSION = YES;
				CLANG_WARN_OBJC_ROOT_CLASS = YES_ERROR;
				CLANG_WARN_SUSPICIOUS_MOVES = YES;
				CLANG_WARN_UNREACHABLE_CODE = YES;
				CLANG_WARN__DUPLICATE_METHOD_MATCH = YES;
				"CODE_SIGN_IDENTITY[sdk=iphoneos*]" = "iPhone Developer";
				COPY_PHASE_STRIP = NO;
				DEBUG_INFORMATION_FORMAT = dwarf;
				ENABLE_STRICT_OBJC_MSGSEND = YES;
				ENABLE_TESTABILITY = YES;
				GCC_C_LANGUAGE_STANDARD = gnu99;
				GCC_DYNAMIC_NO_PIC = NO;
				GCC_NO_COMMON_BLOCKS = YES;
				GCC_OPTIMIZATION_LEVEL = 0;
				GCC_PREPROCESSOR_DEFINITIONS = (
					"DEBUG=1",
					"$(inherited)",
				);
				GCC_WARN_64_TO_32_BIT_CONVERSION = YES;
				GCC_WARN_ABOUT_RETURN_TYPE = YES_ERROR;
				GCC_WARN_UNDECLARED_SELECTOR = YES;
				GCC_WARN_UNINITIALIZED_AUTOS = YES_AGGRESSIVE;
				GCC_WARN_UNUSED_FUNCTION = YES;
				GCC_WARN_UNUSED_VARIABLE = YES;
				IPHONEOS_DEPLOYMENT_TARGET = 10.0;
				MTL_ENABLE_DEBUG_INFO = YES;
				ONLY_ACTIVE_ARCH = YES;
				SDKROOT = iphoneos;
				SWIFT_ACTIVE_COMPILATION_CONDITIONS = DEBUG;
				SWIFT_OPTIMIZATION_LEVEL = "-Onone";
			};
			name = Debug;
		};
		2957A69A1DA79461008F671E /* Release */ = {
			isa = XCBuildConfiguration;
			buildSettings = {
				ALWAYS_SEARCH_USER_PATHS = NO;
				CLANG_ANALYZER_NONNULL = YES;
				CLANG_CXX_LANGUAGE_STANDARD = "gnu++0x";
				CLANG_CXX_LIBRARY = "libc++";
				CLANG_ENABLE_MODULES = YES;
				CLANG_ENABLE_OBJC_ARC = YES;
				CLANG_WARN_BOOL_CONVERSION = YES;
				CLANG_WARN_CONSTANT_CONVERSION = YES;
				CLANG_WARN_DIRECT_OBJC_ISA_USAGE = YES_ERROR;
				CLANG_WARN_DOCUMENTATION_COMMENTS = YES;
				CLANG_WARN_EMPTY_BODY = YES;
				CLANG_WARN_ENUM_CONVERSION = YES;
				CLANG_WARN_INFINITE_RECURSION = YES;
				CLANG_WARN_INT_CONVERSION = YES;
				CLANG_WARN_OBJC_ROOT_CLASS = YES_ERROR;
				CLANG_WARN_SUSPICIOUS_MOVES = YES;
				CLANG_WARN_UNREACHABLE_CODE = YES;
				CLANG_WARN__DUPLICATE_METHOD_MATCH = YES;
				"CODE_SIGN_IDENTITY[sdk=iphoneos*]" = "iPhone Developer";
				COPY_PHASE_STRIP = NO;
				DEBUG_INFORMATION_FORMAT = "dwarf-with-dsym";
				ENABLE_NS_ASSERTIONS = NO;
				ENABLE_STRICT_OBJC_MSGSEND = YES;
				GCC_C_LANGUAGE_STANDARD = gnu99;
				GCC_NO_COMMON_BLOCKS = YES;
				GCC_WARN_64_TO_32_BIT_CONVERSION = YES;
				GCC_WARN_ABOUT_RETURN_TYPE = YES_ERROR;
				GCC_WARN_UNDECLARED_SELECTOR = YES;
				GCC_WARN_UNINITIALIZED_AUTOS = YES_AGGRESSIVE;
				GCC_WARN_UNUSED_FUNCTION = YES;
				GCC_WARN_UNUSED_VARIABLE = YES;
				IPHONEOS_DEPLOYMENT_TARGET = 10.0;
				MTL_ENABLE_DEBUG_INFO = NO;
				SDKROOT = iphoneos;
				SWIFT_OPTIMIZATION_LEVEL = "-Owholemodule";
				VALIDATE_PRODUCT = YES;
			};
			name = Release;
		};
		2957A69C1DA79461008F671E /* Debug */ = {
			isa = XCBuildConfiguration;
			buildSettings = {
				ASSETCATALOG_COMPILER_APPICON_NAME = AppIcon;
				INFOPLIST_FILE = swiftlab2/Info.plist;
				LD_RUNPATH_SEARCH_PATHS = "$(inherited) @executable_path/Frameworks";
				PRODUCT_BUNDLE_IDENTIFIER = com.chrisnavy.swiftlab2;
				PRODUCT_NAME = "$(TARGET_NAME)";
				SWIFT_VERSION = 3.0;
			};
			name = Debug;
		};
		2957A69D1DA79461008F671E /* Release */ = {
			isa = XCBuildConfiguration;
			buildSettings = {
				ASSETCATALOG_COMPILER_APPICON_NAME = AppIcon;
				INFOPLIST_FILE = swiftlab2/Info.plist;
				LD_RUNPATH_SEARCH_PATHS = "$(inherited) @executable_path/Frameworks";
				PRODUCT_BUNDLE_IDENTIFIER = com.chrisnavy.swiftlab2;
				PRODUCT_NAME = "$(TARGET_NAME)";
				SWIFT_VERSION = 3.0;
			};
			name = Release;
		};
/* End XCBuildConfiguration section */

/* Begin XCConfigurationList section */
		2957A6841DA79461008F671E /* Build configuration list for PBXProject "swiftlab2" */ = {
			isa = XCConfigurationList;
			buildConfigurations = (
				2957A6991DA79461008F671E /* Debug */,
				2957A69A1DA79461008F671E /* Release */,
			);
			defaultConfigurationIsVisible = 0;
			defaultConfigurationName = Release;
		};
		2957A69B1DA79461008F671E /* Build configuration list for PBXNativeTarget "swiftlab2" */ = {
			isa = XCConfigurationList;
			buildConfigurations = (
				2957A69C1DA79461008F671E /* Debug */,
				2957A69D1DA79461008F671E /* Release */,
			);
			defaultConfigurationIsVisible = 0;
			defaultConfigurationName = Release;
		};
/* End XCConfigurationList section */
	};
	rootObject = 2957A6811DA79461008F671E /* Project object */;
}
